
Microsoft Visual Studio Solution File, Format Version 12.00
# Visual Studio Version 16
VisualStudioVersion = 25.0.1704.2
MinimumVisualStudioVersion = 10.0.40219.1
Project("{FAE04EC0-301F-11D3-BF4B-00C04F79EFBC}") = "MiniBeer.Api", "MiniBeer\MiniBeer.Api.csproj", "{8DBE0448-F95A-4A16-AF3C-84A1AB269BD3}"
EndProject
Project("{FAE04EC0-301F-11D3-BF4B-00C04F79EFBC}") = "MiniBeer.Application", "MiniBeer.Application\MiniBeer.Application.csproj", "{38B93677-E43F-4498-B674-D35FB875A6A9}"
EndProject
Global
	GlobalSection(SolutionConfigurationPlatforms) = preSolution
		Debug|Any CPU = Debug|Any CPU
		Release|Any CPU = Release|Any CPU
	EndGlobalSection
	GlobalSection(ProjectConfigurationPlatforms) = postSolution
		{8DBE0448-F95A-4A16-AF3C-84A1AB269BD3}.Debug|Any CPU.ActiveCfg = Debug|Any CPU
		{8DBE0448-F95A-4A16-AF3C-84A1AB269BD3}.Debug|Any CPU.Build.0 = Debug|Any CPU
		{8DBE0448-F95A-4A16-AF3C-84A1AB269BD3}.Release|Any CPU.ActiveCfg = Release|Any CPU
		{8DBE0448-F95A-4A16-AF3C-84A1AB269BD3}.Release|Any CPU.Build.0 = Release|Any CPU
		{38B93677-E43F-4498-B674-D35FB875A6A9}.Debug|Any CPU.ActiveCfg = Debug|Any CPU
		{38B93677-E43F-4498-B674-D35FB875A6A9}.Debug|Any CPU.Build.0 = Debug|Any CPU
		{38B93677-E43F-4498-B674-D35FB875A6A9}.Release|Any CPU.ActiveCfg = Release|Any CPU
		{38B93677-E43F-4498-B674-D35FB875A6A9}.Release|Any CPU.Build.0 = Release|Any CPU
	EndGlobalSection
	GlobalSection(SolutionProperties) = preSolution
		HideSolutionNode = FALSE
	EndGlobalSection
	GlobalSection(ExtensibilityGlobals) = postSolution
		SolutionGuid = {F6AAC45F-036E-4BF8-8709-CCA49B66E32E}
	EndGlobalSection
EndGlobal
